{
  "name": "jasper-api",
  "version": "1.0.0",
  "lockfileVersion": 3,
  "requires": true,
  "packages": {
    "": {
      "name": "jasper-api",
      "version": "1.0.0",
      "dependencies": {
        "jose": "^5.2.0",
        "nodemailer": "^6.9.7"
      }
    },
    "node_modules/jose": {
      "version": "5.10.0",
      "resolved": "https://registry.npmjs.org/jose/-/jose-5.10.0.tgz",
      "integrity": "sha512-s+3Al/p9g32Iq+oqXxkW//7jk2Vig6FF1CFqzVXoTUXt2qz89YWbL+OwS17NFYEvxC35n0FKeGO2LGYSxeM2Gg==",
      "funding": {
        "url": "https://github.com/sponsors/panva"
      }
    },
    "node_modules/nodemailer": {
      "version": "6.10.1",
      "resolved": "https://registry.npmjs.org/nodemailer/-/nodemailer-6.10.1.tgz",
      "integrity": "sha512-Z+iLaBGVaSjbIzQ4pX6XV41HrooLsQ10ZWPUehGmuantvzWoDVBnmsdUcOIDM1t+yPor5pDhVlDESgOMEGxhHA==",
      "engines": {
        "node": ">=6.0.0"
      }
    }
  }
}
